schema: '2.0'
stages:
  train:
    cmd: python train.py
    deps:
    - path: data
      md5: 21060888834f7220846d1c6f6c04e649.dir
      size: 64128504
      nfiles: 2800
    - path: train.py
      md5: 3b32a04d93f923b903ec97458154c05d
      size: 4309
    outs:
    - path: metrics.csv
      md5: 6e51791e43ff067633a8f7533e76e2e5
      size: 835
    - path: model.h5
      md5: 750a5d8df8981c4cd348a91d82ea696a
      size: 8540840
